// !$*UTF8*$!
{
	archiveVersion = 1;
	classes = {
	};
	objectVersion = 56;
	objects = {

/* Begin PBXBuildFile section */
		0A0C2AD18099B7498635E0CA /* Pods_FaceID_Credentials_demo.framework in Frameworks */ = {isa = PBXBuildFile; fileRef = 2CAFF2EC2C9FB5BE03AE561F /* Pods_FaceID_Credentials_demo.framework */; };
		7E012EB829288A1B0084A314 /* AppDelegate.m in Sources */ = {isa = PBXBuildFile; fileRef = 7E012EB729288A1B0084A314 /* AppDelegate.m */; };
		7E012EBB29288A1B0084A314 /* SceneDelegate.m in Sources */ = {isa = PBXBuildFile; fileRef = 7E012EBA29288A1B0084A314 /* SceneDelegate.m */; };
		7E012EBE29288A1B0084A314 /* ViewController.m in Sources */ = {isa = PBXBuildFile; fileRef = 7E012EBD29288A1B0084A314 /* ViewController.m */; };
		7E012EC129288A1B0084A314 /* Main.storyboard in Resources */ = {isa = PBXBuildFile; fileRef = 7E012EBF29288A1B0084A314 /* Main.storyboard */; };
		7E012EC329288A1D0084A314 /* Assets.xcassets in Resources */ = {isa = PBXBuildFile; fileRef = 7E012EC229288A1D0084A314 /* Assets.xcassets */; };
		7E012EC629288A1D0084A314 /* LaunchScreen.storyboard in Resources */ = {isa = PBXBuildFile; fileRef = 7E012EC429288A1D0084A314 /* LaunchScreen.storyboard */; };
		7E012EC929288A1D0084A314 /* main.m in Sources */ = {isa = PBXBuildFile; fileRef = 7E012EC829288A1D0084A314 /* main.m */; };
		7E012ED1292890DE0084A314 /* SuccessViewController.m in Sources */ = {isa = PBXBuildFile; fileRef = 7E012ED0292890DE0084A314 /* SuccessViewController.m */; };
/* End PBXBuildFile section */

/* Begin PBXFileReference section */
		0548217F8565BC5D4664E4E8 /* Pods-FaceID_Credentials_demo.debug.xcconfig */ = {isa = PBXFileReference; includeInIndex = 1; lastKnownFileType = text.xcconfig; name = "Pods-FaceID_Credentials_demo.debug.xcconfig"; path = "Target Support Files/Pods-FaceID_Credentials_demo/Pods-FaceID_Credentials_demo.debug.xcconfig"; sourceTree = "<group>"; };
		2CAFF2EC2C9FB5BE03AE561F /* Pods_FaceID_Credentials_demo.framework */ = {isa = PBXFileReference; explicitFileType = wrapper.framework; includeInIndex = 0; path = Pods_FaceID_Credentials_demo.framework; sourceTree = BUILT_PRODUCTS_DIR; };
		7E012EB329288A1B0084A314 /* FaceID_Credentials_demo.app */ = {isa = PBXFileReference; explicitFileType = wrapper.application; includeInIndex = 0; path = FaceID_Credentials_demo.app; sourceTree = BUILT_PRODUCTS_DIR; };
		7E012EB629288A1B0084A314 /* AppDelegate.h */ = {isa = PBXFileReference; lastKnownFileType = sourcecode.c.h; path = AppDelegate.h; sourceTree = "<group>"; };
		7E012EB729288A1B0084A314 /* AppDelegate.m */ = {isa = PBXFileReference; lastKnownFileType = sourcecode.c.objc; path = AppDelegate.m; sourceTree = "<group>"; };
		7E012EB929288A1B0084A314 /* SceneDelegate.h */ = {isa = PBXFileReference; lastKnownFileType = sourcecode.c.h; path = SceneDelegate.h; sourceTree = "<group>"; };
		7E012EBA29288A1B0084A314 /* SceneDelegate.m */ = {isa = PBXFileReference; lastKnownFileType = sourcecode.c.objc; path = SceneDelegate.m; sourceTree = "<group>"; };
		7E012EBC29288A1B0084A314 /* ViewController.h */ = {isa = PBXFileReference; lastKnownFileType = sourcecode.c.h; path = ViewController.h; sourceTree = "<group>"; };
		7E012EBD29288A1B0084A314 /* ViewController.m */ = {isa = PBXFileReference; lastKnownFileType = sourcecode.c.objc; path = ViewController.m; sourceTree = "<group>"; };
		7E012EC029288A1B0084A314 /* Base */ = {isa = PBXFileReference; lastKnownFileType = file.storyboard; name = Base; path = Base.lproj/Main.storyboard; sourceTree = "<group>"; };
		7E012EC229288A1D0084A314 /* Assets.xcassets */ = {isa = PBXFileReference; lastKnownFileType = folder.assetcatalog; path = Assets.xcassets; sourceTree = "<group>"; };
		7E012EC529288A1D0084A314 /* Base */ = {isa = PBXFileReference; lastKnownFileType = file.storyboard; name = Base; path = Base.lproj/LaunchScreen.storyboard; sourceTree = "<group>"; };
		7E012EC729288A1D0084A314 /* Info.plist */ = {isa = PBXFileReference; lastKnownFileType = text.plist.xml; path = Info.plist; sourceTree = "<group>"; };
		7E012EC829288A1D0084A314 /* main.m */ = {isa = PBXFileReference; lastKnownFileType = sourcecode.c.objc; path = main.m; sourceTree = "<group>"; };
		7E012ECF292890DE0084A314 /* SuccessViewController.h */ = {isa = PBXFileReference; lastKnownFileType = sourcecode.c.h; path = SuccessViewController.h; sourceTree = "<group>"; };
		7E012ED0292890DE0084A314 /* SuccessViewController.m */ = {isa = PBXFileReference; lastKnownFileType = sourcecode.c.objc; path = SuccessViewController.m; sourceTree = "<group>"; };
		8E9F1F64D04F4A132A07094B /* Pods-FaceID_Credentials_demo.release.xcconfig */ = {isa = PBXFileReference; includeInIndex = 1; lastKnownFileType = text.xcconfig; name = "Pods-FaceID_Credentials_demo.release.xcconfig"; path = "Target Support Files/Pods-FaceID_Credentials_demo/Pods-FaceID_Credentials_demo.release.xcconfig"; sourceTree = "<group>"; };
/* End PBXFileReference section */

/* Begin PBXFrameworksBuildPhase section */
		7E012EB029288A1B0084A314 /* Frameworks */ = {
			isa = PBXFrameworksBuildPhase;
			buildActionMask = 2147483647;
			files = (
				0A0C2AD18099B7498635E0CA /* Pods_FaceID_Credentials_demo.framework in Frameworks */,
			);
			runOnlyForDeploymentPostprocessing = 0;
		};
/* End PBXFrameworksBuildPhase section */

/* Begin PBXGroup section */
		512DF6E8D51A0F2155D969E9 /* Frameworks */ = {
			isa = PBXGroup;
			children = (
				2CAFF2EC2C9FB5BE03AE561F /* Pods_FaceID_Credentials_demo.framework */,
			);
			name = Frameworks;
			sourceTree = "<group>";
		};
		7E012EAA29288A1B0084A314 = {
			isa = PBXGroup;
			children = (
				7E012EB529288A1B0084A314 /* FaceID_Credentials_demo */,
				7E012EB429288A1B0084A314 /* Products */,
				FD7A4EC7AC6E22F8C5AC5F8F /* Pods */,
				512DF6E8D51A0F2155D969E9 /* Frameworks */,
			);
			sourceTree = "<group>";
		};
		7E012EB429288A1B0084A314 /* Products */ = {
			isa = PBXGroup;
			children = (
				7E012EB329288A1B0084A314 /* FaceID_Credentials_demo.app */,
			);
			name = Products;
			sourceTree = "<group>";
		};
		7E012EB529288A1B0084A314 /* FaceID_Credentials_demo */ = {
			isa = PBXGroup;
			children = (
				7E012EB629288A1B0084A314 /* AppDelegate.h */,
				7E012EB729288A1B0084A314 /* AppDelegate.m */,
				7E012EB929288A1B0084A314 /* SceneDelegate.h */,
				7E012EBA29288A1B0084A314 /* SceneDelegate.m */,
				7E012EBC29288A1B0084A314 /* ViewController.h */,
				7E012EBD29288A1B0084A314 /* ViewController.m */,
				7E012EBF29288A1B0084A314 /* Main.storyboard */,
				7E012EC229288A1D0084A314 /* Assets.xcassets */,
				7E012EC429288A1D0084A314 /* LaunchScreen.storyboard */,
				7E012EC729288A1D0084A314 /* Info.plist */,
				7E012EC829288A1D0084A314 /* main.m */,
				7E012ECF292890DE0084A314 /* SuccessViewController.h */,
				7E012ED0292890DE0084A314 /* SuccessViewController.m */,
			);
			path = FaceID_Credentials_demo;
			sourceTree = "<group>";
		};
		FD7A4EC7AC6E22F8C5AC5F8F /* Pods */ = {
			isa = PBXGroup;
			children = (
				0548217F8565BC5D4664E4E8 /* Pods-FaceID_Credentials_demo.debug.xcconfig */,
				8E9F1F64D04F4A132A07094B /* Pods-FaceID_Credentials_demo.release.xcconfig */,
			);
			path = Pods;
			sourceTree = "<group>";
		};
/* End PBXGroup section */

/* Begin PBXNativeTarget section */
		7E012EB229288A1B0084A314 /* FaceID_Credentials_demo */ = {
			isa = PBXNativeTarget;
			buildConfigurationList = 7E012ECC29288A1D0084A314 /* Build configuration list for PBXNativeTarget "FaceID_Credentials_demo" */;
			buildPhases = (
				1535F6B7376C0827CB4510CC /* [CP] Check Pods Manifest.lock */,
				7E012EAF29288A1B0084A314 /* Sources */,
				7E012EB029288A1B0084A314 /* Frameworks */,
				7E012EB129288A1B0084A314 /* Resources */,
				E6CDE6CF93B8F79D930C54A4 /* [CP] Embed Pods Frameworks */,
			);
			buildRules = (
			);
			dependencies = (
			);
			name = FaceID_Credentials_demo;
			productName = FaceID_Credentials_demo;
			productReference = 7E012EB329288A1B0084A314 /* FaceID_Credentials_demo.app */;
			productType = "com.apple.product-type.application";
		};
/* End PBXNativeTarget section */

/* Begin PBXProject section */
		7E012EAB29288A1B0084A314 /* Project object */ = {
			isa = PBXProject;
			attributes = {
				BuildIndependentTargetsInParallel = 1;
				LastUpgradeCheck = 1410;
				TargetAttributes = {
					7E012EB229288A1B0084A314 = {
						CreatedOnToolsVersion = 14.1;
					};
				};
			};
			buildConfigurationList = 7E012EAE29288A1B0084A314 /* Build configuration list for PBXProject "FaceID_Credentials_demo" */;
			compatibilityVersion = "Xcode 14.0";
			developmentRegion = en;
			hasScannedForEncodings = 0;
			knownRegions = (
				en,
				Base,
			);
			mainGroup = 7E012EAA29288A1B0084A314;
			productRefGroup = 7E012EB429288A1B0084A314 /* Products */;
			projectDirPath = "";
			projectRoot = "";
			targets = (
				7E012EB229288A1B0084A314 /* FaceID_Credentials_demo */,
			);
		};
/* End PBXProject section */

/* Begin PBXResourcesBuildPhase section */
		7E012EB129288A1B0084A314 /* Resources */ = {
			isa = PBXResourcesBuildPhase;
			buildActionMask = 2147483647;
			files = (
				7E012EC629288A1D0084A314 /* LaunchScreen.storyboard in Resources */,
				7E012EC329288A1D0084A314 /* Assets.xcassets in Resources */,
				7E012EC129288A1B0084A314 /* Main.storyboard in Resources */,
			);
			runOnlyForDeploymentPostprocessing = 0;
		};
/* End PBXResourcesBuildPhase section */

/* Begin PBXShellScriptBuildPhase section */
		1535F6B7376C0827CB4510CC /* [CP] Check Pods Manifest.lock */ = {
			isa = PBXShellScriptBuildPhase;
			buildActionMask = 2147483647;
			files = (
			);
			inputFileListPaths = (
			);
			inputPaths = (
				"${PODS_PODFILE_DIR_PATH}/Podfile.lock",
				"${PODS_ROOT}/Manifest.lock",
			);
			name = "[CP] Check Pods Manifest.lock";
			outputFileListPaths = (
			);
			outputPaths = (
				"$(DERIVED_FILE_DIR)/Pods-FaceID_Credentials_demo-checkManifestLockResult.txt",
			);
			runOnlyForDeploymentPostprocessing = 0;
			shellPath = /bin/sh;
			shellScript = "diff \"${PODS_PODFILE_DIR_PATH}/Podfile.lock\" \"${PODS_ROOT}/Manifest.lock\" > /dev/null\nif [ $? != 0 ] ; then\n    # print error to STDERR\n    echo \"error: The sandbox is not in sync with the Podfile.lock. Run 'pod install' or update your CocoaPods installation.\" >&2\n    exit 1\nfi\n# This output is used by Xcode 'outputs' to avoid re-running this script phase.\necho \"SUCCESS\" > \"${SCRIPT_OUTPUT_FILE_0}\"\n";
			showEnvVarsInLog = 0;
		};
		E6CDE6CF93B8F79D930C54A4 /* [CP] Embed Pods Frameworks */ = {
			isa = PBXShellScriptBuildPhase;
			buildActionMask = 2147483647;
			files = (
			);
			inputFileListPaths = (
				"${PODS_ROOT}/Target Support Files/Pods-FaceID_Credentials_demo/Pods-FaceID_Credentials_demo-frameworks-${CONFIGURATION}-input-files.xcfilelist",
			);
			name = "[CP] Embed Pods Frameworks";
			outputFileListPaths = (
				"${PODS_ROOT}/Target Support Files/Pods-FaceID_Credentials_demo/Pods-FaceID_Credentials_demo-frameworks-${CONFIGURATION}-output-files.xcfilelist",
			);
			runOnlyForDeploymentPostprocessing = 0;
			shellPath = /bin/sh;
			shellScript = "\"${PODS_ROOT}/Target Support Files/Pods-FaceID_Credentials_demo/Pods-FaceID_Credentials_demo-frameworks.sh\"\n";
			showEnvVarsInLog = 0;
		};
/* End PBXShellScriptBuildPhase section */

/* Begin PBXSourcesBuildPhase section */
		7E012EAF29288A1B0084A314 /* Sources */ = {
			isa = PBXSourcesBuildPhase;
			buildActionMask = 2147483647;
			files = (
				7E012EBE29288A1B0084A314 /* ViewController.m in Sources */,
				7E012EB829288A1B0084A314 /* AppDelegate.m in Sources */,
				7E012EC929288A1D0084A314 /* main.m in Sources */,
				7E012ED1292890DE0084A314 /* SuccessViewController.m in Sources */,
				7E012EBB29288A1B0084A314 /* SceneDelegate.m in Sources */,
			);
			runOnlyForDeploymentPostprocessing = 0;
		};
/* End PBXSourcesBuildPhase section */

/* Begin PBXVariantGroup section */
		7E012EBF29288A1B0084A314 /* Main.storyboard */ = {
			isa = PBXVariantGroup;
			children = (
				7E012EC029288A1B0084A314 /* Base */,
			);
			name = Main.storyboard;
			sourceTree = "<group>";
		};
		7E012EC429288A1D0084A314 /* LaunchScreen.storyboard */ = {
			isa = PBXVariantGroup;
			children = (
				7E012EC529288A1D0084A314 /* Base */,
			);
			name = LaunchScreen.storyboard;
			sourceTree = "<group>";
		};
/* End PBXVariantGroup section */

/* Begin XCBuildConfiguration section */
		7E012ECA29288A1D0084A314 /* Debug */ = {
			isa = XCBuildConfiguration;
			buildSettings = {
				ALWAYS_SEARCH_USER_PATHS = NO;
				CLANG_ANALYZER_NONNULL = YES;
				CLANG_ANALYZER_NUMBER_OBJECT_CONVERSION = YES_AGGRESSIVE;
				CLANG_CXX_LANGUAGE_STANDARD = "gnu++20";
				CLANG_ENABLE_MODULES = YES;
				CLANG_ENABLE_OBJC_ARC = YES;
				CLANG_ENABLE_OBJC_WEAK = YES;
				CLANG_WARN_BLOCK_CAPTURE_AUTORELEASING = YES;
				CLANG_WARN_BOOL_CONVERSION = YES;
				CLANG_WARN_COMMA = YES;
				CLANG_WARN_CONSTANT_CONVERSION = YES;
				CLANG_WARN_DEPRECATED_OBJC_IMPLEMENTATIONS = YES;
				CLANG_WARN_DIRECT_OBJC_ISA_USAGE = YES_ERROR;
				CLANG_WARN_DOCUMENTATION_COMMENTS = YES;
				CLANG_WARN_EMPTY_BODY = YES;
				CLANG_WARN_ENUM_CONVERSION = YES;
				CLANG_WARN_INFINITE_RECURSION = YES;
				CLANG_WARN_INT_CONVERSION = YES;
				CLANG_WARN_NON_LITERAL_NULL_CONVERSION = YES;
				CLANG_WARN_OBJC_IMPLICIT_RETAIN_SELF = YES;
				CLANG_WARN_OBJC_LITERAL_CONVERSION = YES;
				CLANG_WARN_OBJC_ROOT_CLASS = YES_ERROR;
				CLANG_WARN_QUOTED_INCLUDE_IN_FRAMEWORK_HEADER = YES;
				CLANG_WARN_RANGE_LOOP_ANALYSIS = YES;
				CLANG_WARN_STRICT_PROTOTYPES = YES;
				CLANG_WARN_SUSPICIOUS_MOVE = YES;
				CLANG_WARN_UNGUARDED_AVAILABILITY = YES_AGGRESSIVE;
				CLANG_WARN_UNREACHABLE_CODE = YES;
				CLANG_WARN__DUPLICATE_METHOD_MATCH = YES;
				COPY_PHASE_STRIP = NO;
				DEBUG_INFORMATION_FORMAT = dwarf;
				ENABLE_STRICT_OBJC_MSGSEND = YES;
				ENABLE_TESTABILITY = YES;
				GCC_C_LANGUAGE_STANDARD = gnu11;
				GCC_DYNAMIC_NO_PIC = NO;
				GCC_NO_COMMON_BLOCKS = YES;
				GCC_OPTIMIZATION_LEVEL = 0;
				GCC_PREPROCESSOR_DEFINITIONS = (
					"DEBUG=1",
					"$(inherited)",
				);
				GCC_WARN_64_TO_32_BIT_CONVERSION = YES;
				GCC_WARN_ABOUT_RETURN_TYPE = YES_ERROR;
				GCC_WARN_UNDECLARED_SELECTOR = YES;
				GCC_WARN_UNINITIALIZED_AUTOS = YES_AGGRESSIVE;
				GCC_WARN_UNUSED_FUNCTION = YES;
				GCC_WARN_UNUSED_VARIABLE = YES;
				IPHONEOS_DEPLOYMENT_TARGET = 16.1;
				MTL_ENABLE_DEBUG_INFO = INCLUDE_SOURCE;
				MTL_FAST_MATH = YES;
				ONLY_ACTIVE_ARCH = YES;
				SDKROOT = iphoneos;
			};
			name = Debug;
		};
		7E012ECB29288A1D0084A314 /* Release */ = {
			isa = XCBuildConfiguration;
			buildSettings = {
				ALWAYS_SEARCH_USER_PATHS = NO;
				CLANG_ANALYZER_NONNULL = YES;
				CLANG_ANALYZER_NUMBER_OBJECT_CONVERSION = YES_AGGRESSIVE;
				CLANG_CXX_LANGUAGE_STANDARD = "gnu++20";
				CLANG_ENABLE_MODULES = YES;
				CLANG_ENABLE_OBJC_ARC = YES;
				CLANG_ENABLE_OBJC_WEAK = YES;
				CLANG_WARN_BLOCK_CAPTURE_AUTORELEASING = YES;
				CLANG_WARN_BOOL_CONVERSION = YES;
				CLANG_WARN_COMMA = YES;
				CLANG_WARN_CONSTANT_CONVERSION = YES;
				CLANG_WARN_DEPRECATED_OBJC_IMPLEMENTATIONS = YES;
				CLANG_WARN_DIRECT_OBJC_ISA_USAGE = YES_ERROR;
				CLANG_WARN_DOCUMENTATION_COMMENTS = YES;
				CLANG_WARN_EMPTY_BODY = YES;
				CLANG_WARN_ENUM_CONVERSION = YES;
				CLANG_WARN_INFINITE_RECURSION = YES;
				CLANG_WARN_INT_CONVERSION = YES;
				CLANG_WARN_NON_LITERAL_NULL_CONVERSION = YES;
				CLANG_WARN_OBJC_IMPLICIT_RETAIN_SELF = YES;
				CLANG_WARN_OBJC_LITERAL_CONVERSION = YES;
				CLANG_WARN_OBJC_ROOT_CLASS = YES_ERROR;
				CLANG_WARN_QUOTED_INCLUDE_IN_FRAMEWORK_HEADER = YES;
				CLANG_WARN_RANGE_LOOP_ANALYSIS = YES;
				CLANG_WARN_STRICT_PROTOTYPES = YES;
				CLANG_WARN_SUSPICIOUS_MOVE = YES;
				CLANG_WARN_UNGUARDED_AVAILABILITY = YES_AGGRESSIVE;
				CLANG_WARN_UNREACHABLE_CODE = YES;
				CLANG_WARN__DUPLICATE_METHOD_MATCH = YES;
				COPY_PHASE_STRIP = NO;
				DEBUG_INFORMATION_FORMAT = "dwarf-with-dsym";
				ENABLE_NS_ASSERTIONS = NO;
				ENABLE_STRICT_OBJC_MSGSEND = YES;
				GCC_C_LANGUAGE_STANDARD = gnu11;
				GCC_NO_COMMON_BLOCKS = YES;
				GCC_WARN_64_TO_32_BIT_CONVERSION = YES;
				GCC_WARN_ABOUT_RETURN_TYPE = YES_ERROR;
				GCC_WARN_UNDECLARED_SELECTOR = YES;
				GCC_WARN_UNINITIALIZED_AUTOS = YES_AGGRESSIVE;
				GCC_WARN_UNUSED_FUNCTION = YES;
				GCC_WARN_UNUSED_VARIABLE = YES;
				IPHONEOS_DEPLOYMENT_TARGET = 16.1;
				MTL_ENABLE_DEBUG_INFO = NO;
				MTL_FAST_MATH = YES;
				SDKROOT = iphoneos;
				VALIDATE_PRODUCT = YES;
			};
			name = Release;
		};
		7E012ECD29288A1D0084A314 /* Debug */ = {
			isa = XCBuildConfiguration;
			baseConfigurationReference = 0548217F8565BC5D4664E4E8 /* Pods-FaceID_Credentials_demo.debug.xcconfig */;
			buildSettings = {
				ASSETCATALOG_COMPILER_APPICON_NAME = AppIcon;
				ASSETCATALOG_COMPILER_GLOBAL_ACCENT_COLOR_NAME = AccentColor;
				CODE_SIGN_STYLE = Automatic;
				CURRENT_PROJECT_VERSION = 1;
				DEVELOPMENT_TEAM = 422BL5BJ5Y;
				GENERATE_INFOPLIST_FILE = YES;
				INFOPLIST_FILE = FaceID_Credentials_demo/Info.plist;
				INFOPLIST_KEY_UIApplicationSupportsIndirectInputEvents = YES;
				INFOPLIST_KEY_UILaunchStoryboardName = LaunchScreen;
				INFOPLIST_KEY_UIMainStoryboardFile = Main;
				INFOPLIST_KEY_UISupportedInterfaceOrientations_iPad = "UIInterfaceOrientationPortrait UIInterfaceOrientationPortraitUpsideDown UIInterfaceOrientationLandscapeLeft UIInterfaceOrientationLandscapeRight";
				INFOPLIST_KEY_UISupportedInterfaceOrientations_iPhone = "UIInterfaceOrientationPortrait UIInterfaceOrientationLandscapeLeft UIInterfaceOrientationLandscapeRight";
				IPHONEOS_DEPLOYMENT_TARGET = 15.6;
				LD_RUNPATH_SEARCH_PATHS = (
					"$(inherited)",
					"@executable_path/Frameworks",
				);
				MARKETING_VERSION = 1.0;
				PRODUCT_BUNDLE_IDENTIFIER = "com.sen.FaceID-Credentials-demo";
				PRODUCT_NAME = "$(TARGET_NAME)";
				SWIFT_EMIT_LOC_STRINGS = YES;
				TARGETED_DEVICE_FAMILY = "1,2";
			};
			name = Debug;
		};
		7E012ECE29288A1D0084A314 /* Release */ = {
			isa = XCBuildConfiguration;
			baseConfigurationReference = 8E9F1F64D04F4A132A07094B /* Pods-FaceID_Credentials_demo.release.xcconfig */;
			buildSettings = {
				ASSETCATALOG_COMPILER_APPICON_NAME = AppIcon;
				ASSETCATALOG_COMPILER_GLOBAL_ACCENT_COLOR_NAME = AccentColor;
				CODE_SIGN_STYLE = Automatic;
				CURRENT_PROJECT_VERSION = 1;
				DEVELOPMENT_TEAM = 422BL5BJ5Y;
				GENERATE_INFOPLIST_FILE = YES;
				INFOPLIST_FILE = FaceID_Credentials_demo/Info.plist;
				INFOPLIST_KEY_UIApplicationSupportsIndirectInputEvents = YES;
				INFOPLIST_KEY_UILaunchStoryboardName = LaunchScreen;
				INFOPLIST_KEY_UIMainStoryboardFile = Main;
				INFOPLIST_KEY_UISupportedInterfaceOrientations_iPad = "UIInterfaceOrientationPortrait UIInterfaceOrientationPortraitUpsideDown UIInterfaceOrientationLandscapeLeft UIInterfaceOrientationLandscapeRight";
				INFOPLIST_KEY_UISupportedInterfaceOrientations_iPhone = "UIInterfaceOrientationPortrait UIInterfaceOrientationLandscapeLeft UIInterfaceOrientationLandscapeRight";
				IPHONEOS_DEPLOYMENT_TARGET = 15.6;
				LD_RUNPATH_SEARCH_PATHS = (
					"$(inherited)",
					"@executable_path/Frameworks",
				);
				MARKETING_VERSION = 1.0;
				PRODUCT_BUNDLE_IDENTIFIER = "com.sen.FaceID-Credentials-demo";
				PRODUCT_NAME = "$(TARGET_NAME)";
				SWIFT_EMIT_LOC_STRINGS = YES;
				TARGETED_DEVICE_FAMILY = "1,2";
			};
			name = Release;
		};
/* End XCBuildConfiguration section */

/* Begin XCConfigurationList section */
		7E012EAE29288A1B0084A314 /* Build configuration list for PBXProject "FaceID_Credentials_demo" */ = {
			isa = XCConfigurationList;
			buildConfigurations = (
				7E012ECA29288A1D0084A314 /* Debug */,
				7E012ECB29288A1D0084A314 /* Release */,
			);
			defaultConfigurationIsVisible = 0;
			defaultConfigurationName = Release;
		};
		7E012ECC29288A1D0084A314 /* Build configuration list for PBXNativeTarget "FaceID_Credentials_demo" */ = {
			isa = XCConfigurationList;
			buildConfigurations = (
				7E012ECD29288A1D0084A314 /* Debug */,
				7E012ECE29288A1D0084A314 /* Release */,
			);
			defaultConfigurationIsVisible = 0;
			defaultConfigurationName = Release;
		};
/* End XCConfigurationList section */
	};
	rootObject = 7E012EAB29288A1B0084A314 /* Project object */;
}
